
Microsoft Visual Studio Solution File, Format Version 12.00
# Visual Studio Version 17
VisualStudioVersion = 17.5.33530.505
MinimumVisualStudioVersion = 10.0.40219.1
Project("{2150E333-8FDC-42A3-9474-1A3956D46DE8}") = "src", "src", "{461CD55D-20C6-450A-9431-7F5F20F496DE}"
EndProject
Project("{9A19103F-16F7-4668-BE54-9A1E7A4F7556}") = "Supplier.Api", "src\Supplier.Api\Supplier.Api.csproj", "{8611AFB1-9DBE-4DBD-B25F-24EE566E9A3B}"
EndProject
Project("{2150E333-8FDC-42A3-9474-1A3956D46DE8}") = "tests", "tests", "{02B35991-DB1B-4617-9670-891D020F374E}"
EndProject
Project("{9A19103F-16F7-4668-BE54-9A1E7A4F7556}") = "Supplier.UnitTests", "tests\Supplier.UnitTests\Supplier.UnitTests.csproj", "{AEECAAE3-2B99-4410-B58C-1F88A64545BB}"
EndProject
Project("{FAE04EC0-301F-11D3-BF4B-00C04F79EFBC}") = "Supplier.Domain", "src\Supplier.Domain\Supplier.Domain.csproj", "{94824A67-C078-4767-A61F-F24A68BC3748}"
EndProject
Project("{FAE04EC0-301F-11D3-BF4B-00C04F79EFBC}") = "Supplier.Service", "src\Supplier.Service\Supplier.Service.csproj", "{469C34B0-ACBE-4DB2-9B55-BDB733749482}"
EndProject
Global
	GlobalSection(SolutionConfigurationPlatforms) = preSolution
		Debug|Any CPU = Debug|Any CPU
		Debug|x64 = Debug|x64
		Debug|x86 = Debug|x86
		Release|Any CPU = Release|Any CPU
		Release|x64 = Release|x64
		Release|x86 = Release|x86
	EndGlobalSection
	GlobalSection(ProjectConfigurationPlatforms) = postSolution
		{8611AFB1-9DBE-4DBD-B25F-24EE566E9A3B}.Debug|Any CPU.ActiveCfg = Debug|Any CPU
		{8611AFB1-9DBE-4DBD-B25F-24EE566E9A3B}.Debug|Any CPU.Build.0 = Debug|Any CPU
		{8611AFB1-9DBE-4DBD-B25F-24EE566E9A3B}.Debug|x64.ActiveCfg = Debug|Any CPU
		{8611AFB1-9DBE-4DBD-B25F-24EE566E9A3B}.Debug|x64.Build.0 = Debug|Any CPU
		{8611AFB1-9DBE-4DBD-B25F-24EE566E9A3B}.Debug|x86.ActiveCfg = Debug|Any CPU
		{8611AFB1-9DBE-4DBD-B25F-24EE566E9A3B}.Debug|x86.Build.0 = Debug|Any CPU
		{8611AFB1-9DBE-4DBD-B25F-24EE566E9A3B}.Release|Any CPU.ActiveCfg = Release|Any CPU
		{8611AFB1-9DBE-4DBD-B25F-24EE566E9A3B}.Release|Any CPU.Build.0 = Release|Any CPU
		{8611AFB1-9DBE-4DBD-B25F-24EE566E9A3B}.Release|x64.ActiveCfg = Release|Any CPU
		{8611AFB1-9DBE-4DBD-B25F-24EE566E9A3B}.Release|x64.Build.0 = Release|Any CPU
		{8611AFB1-9DBE-4DBD-B25F-24EE566E9A3B}.Release|x86.ActiveCfg = Release|Any CPU
		{8611AFB1-9DBE-4DBD-B25F-24EE566E9A3B}.Release|x86.Build.0 = Release|Any CPU
		{AEECAAE3-2B99-4410-B58C-1F88A64545BB}.Debug|Any CPU.ActiveCfg = Debug|Any CPU
		{AEECAAE3-2B99-4410-B58C-1F88A64545BB}.Debug|Any CPU.Build.0 = Debug|Any CPU
		{AEECAAE3-2B99-4410-B58C-1F88A64545BB}.Debug|x64.ActiveCfg = Debug|Any CPU
		{AEECAAE3-2B99-4410-B58C-1F88A64545BB}.Debug|x64.Build.0 = Debug|Any CPU
		{AEECAAE3-2B99-4410-B58C-1F88A64545BB}.Debug|x86.ActiveCfg = Debug|Any CPU
		{AEECAAE3-2B99-4410-B58C-1F88A64545BB}.Debug|x86.Build.0 = Debug|Any CPU
		{AEECAAE3-2B99-4410-B58C-1F88A64545BB}.Release|Any CPU.ActiveCfg = Release|Any CPU
		{AEECAAE3-2B99-4410-B58C-1F88A64545BB}.Release|Any CPU.Build.0 = Release|Any CPU
		{AEECAAE3-2B99-4410-B58C-1F88A64545BB}.Release|x64.ActiveCfg = Release|Any CPU
		{AEECAAE3-2B99-4410-B58C-1F88A64545BB}.Release|x64.Build.0 = Release|Any CPU
		{AEECAAE3-2B99-4410-B58C-1F88A64545BB}.Release|x86.ActiveCfg = Release|Any CPU
		{AEECAAE3-2B99-4410-B58C-1F88A64545BB}.Release|x86.Build.0 = Release|Any CPU
		{94824A67-C078-4767-A61F-F24A68BC3748}.Debug|Any CPU.ActiveCfg = Debug|Any CPU
		{94824A67-C078-4767-A61F-F24A68BC3748}.Debug|Any CPU.Build.0 = Debug|Any CPU
		{94824A67-C078-4767-A61F-F24A68BC3748}.Debug|x64.ActiveCfg = Debug|Any CPU
		{94824A67-C078-4767-A61F-F24A68BC3748}.Debug|x64.Build.0 = Debug|Any CPU
		{94824A67-C078-4767-A61F-F24A68BC3748}.Debug|x86.ActiveCfg = Debug|Any CPU
		{94824A67-C078-4767-A61F-F24A68BC3748}.Debug|x86.Build.0 = Debug|Any CPU
		{94824A67-C078-4767-A61F-F24A68BC3748}.Release|Any CPU.ActiveCfg = Release|Any CPU
		{94824A67-C078-4767-A61F-F24A68BC3748}.Release|Any CPU.Build.0 = Release|Any CPU
		{94824A67-C078-4767-A61F-F24A68BC3748}.Release|x64.ActiveCfg = Release|Any CPU
		{94824A67-C078-4767-A61F-F24A68BC3748}.Release|x64.Build.0 = Release|Any CPU
		{94824A67-C078-4767-A61F-F24A68BC3748}.Release|x86.ActiveCfg = Release|Any CPU
		{94824A67-C078-4767-A61F-F24A68BC3748}.Release|x86.Build.0 = Release|Any CPU
		{469C34B0-ACBE-4DB2-9B55-BDB733749482}.Debug|Any CPU.ActiveCfg = Debug|Any CPU
		{469C34B0-ACBE-4DB2-9B55-BDB733749482}.Debug|Any CPU.Build.0 = Debug|Any CPU
		{469C34B0-ACBE-4DB2-9B55-BDB733749482}.Debug|x64.ActiveCfg = Debug|Any CPU
		{469C34B0-ACBE-4DB2-9B55-BDB733749482}.Debug|x64.Build.0 = Debug|Any CPU
		{469C34B0-ACBE-4DB2-9B55-BDB733749482}.Debug|x86.ActiveCfg = Debug|Any CPU
		{469C34B0-ACBE-4DB2-9B55-BDB733749482}.Debug|x86.Build.0 = Debug|Any CPU
		{469C34B0-ACBE-4DB2-9B55-BDB733749482}.Release|Any CPU.ActiveCfg = Release|Any CPU
		{469C34B0-ACBE-4DB2-9B55-BDB733749482}.Release|Any CPU.Build.0 = Release|Any CPU
		{469C34B0-ACBE-4DB2-9B55-BDB733749482}.Release|x64.ActiveCfg = Release|Any CPU
		{469C34B0-ACBE-4DB2-9B55-BDB733749482}.Release|x64.Build.0 = Release|Any CPU
		{469C34B0-ACBE-4DB2-9B55-BDB733749482}.Release|x86.ActiveCfg = Release|Any CPU
		{469C34B0-ACBE-4DB2-9B55-BDB733749482}.Release|x86.Build.0 = Release|Any CPU
	EndGlobalSection
	GlobalSection(SolutionProperties) = preSolution
		HideSolutionNode = FALSE
	EndGlobalSection
	GlobalSection(NestedProjects) = preSolution
		{8611AFB1-9DBE-4DBD-B25F-24EE566E9A3B} = {461CD55D-20C6-450A-9431-7F5F20F496DE}
		{AEECAAE3-2B99-4410-B58C-1F88A64545BB} = {02B35991-DB1B-4617-9670-891D020F374E}
		{94824A67-C078-4767-A61F-F24A68BC3748} = {461CD55D-20C6-450A-9431-7F5F20F496DE}
		{469C34B0-ACBE-4DB2-9B55-BDB733749482} = {461CD55D-20C6-450A-9431-7F5F20F496DE}
	EndGlobalSection
	GlobalSection(ExtensibilityGlobals) = postSolution
		SolutionGuid = {28610BF5-BA49-4BA4-8913-4DB44BE2FD39}
	EndGlobalSection
EndGlobal
